// !$*UTF8*$!
{
	archiveVersion = 1;
	classes = {
	};
	objectVersion = 46;
	objects = {

/* Begin PBXBuildFile section */
		656175E01C2BAD6E008D139B /* AppDelegate.swift in Sources */ = {isa = PBXBuildFile; fileRef = 656175DF1C2BAD6E008D139B /* AppDelegate.swift */; };
		656175E21C2BAD6E008D139B /* ViewController.swift in Sources */ = {isa = PBXBuildFile; fileRef = 656175E11C2BAD6E008D139B /* ViewController.swift */; };
		656175E51C2BAD6E008D139B /* Main.storyboard in Resources */ = {isa = PBXBuildFile; fileRef = 656175E31C2BAD6E008D139B /* Main.storyboard */; };
		656175E71C2BAD6E008D139B /* Assets.xcassets in Resources */ = {isa = PBXBuildFile; fileRef = 656175E61C2BAD6E008D139B /* Assets.xcassets */; };
		656175EA1C2BAD6E008D139B /* LaunchScreen.storyboard in Resources */ = {isa = PBXBuildFile; fileRef = 656175E81C2BAD6E008D139B /* LaunchScreen.storyboard */; };
/* End PBXBuildFile section */

/* Begin PBXFileReference section */
		656175DC1C2BAD6E008D139B /* UnwindSeguesDemo.app */ = {isa = PBXFileReference; explicitFileType = wrapper.application; includeInIndex = 0; path = UnwindSeguesDemo.app; sourceTree = BUILT_PRODUCTS_DIR; };
		656175DF1C2BAD6E008D139B /* AppDelegate.swift */ = {isa = PBXFileReference; lastKnownFileType = sourcecode.swift; path = AppDelegate.swift; sourceTree = "<group>"; };
		656175E11C2BAD6E008D139B /* ViewController.swift */ = {isa = PBXFileReference; lastKnownFileType = sourcecode.swift; path = ViewController.swift; sourceTree = "<group>"; };
		656175E41C2BAD6E008D139B /* Base */ = {isa = PBXFileReference; lastKnownFileType = file.storyboard; name = Base; path = Base.lproj/Main.storyboard; sourceTree = "<group>"; };
		656175E61C2BAD6E008D139B /* Assets.xcassets */ = {isa = PBXFileReference; lastKnownFileType = folder.assetcatalog; path = Assets.xcassets; sourceTree = "<group>"; };
		656175E91C2BAD6E008D139B /* Base */ = {isa = PBXFileReference; lastKnownFileType = file.storyboard; name = Base; path = Base.lproj/LaunchScreen.storyboard; sourceTree = "<group>"; };
		656175EB1C2BAD6E008D139B /* Info.plist */ = {isa = PBXFileReference; lastKnownFileType = text.plist.xml; path = Info.plist; sourceTree = "<group>"; };
/* End PBXFileReference section */

/* Begin PBXFrameworksBuildPhase section */
		656175D91C2BAD6E008D139B /* Frameworks */ = {
			isa = PBXFrameworksBuildPhase;
			buildActionMask = 2147483647;
			files = (
			);
			runOnlyForDeploymentPostprocessing = 0;
		};
/* End PBXFrameworksBuildPhase section */

/* Begin PBXGroup section */
		656175D31C2BAD6E008D139B = {
			isa = PBXGroup;
			children = (
				656175DE1C2BAD6E008D139B /* UnwindSeguesDemo */,
				656175DD1C2BAD6E008D139B /* Products */,
			);
			sourceTree = "<group>";
		};
		656175DD1C2BAD6E008D139B /* Products */ = {
			isa = PBXGroup;
			children = (
				656175DC1C2BAD6E008D139B /* UnwindSeguesDemo.app */,
			);
			name = Products;
			sourceTree = "<group>";
		};
		656175DE1C2BAD6E008D139B /* UnwindSeguesDemo */ = {
			isa = PBXGroup;
			children = (
				656175DF1C2BAD6E008D139B /* AppDelegate.swift */,
				656175E11C2BAD6E008D139B /* ViewController.swift */,
				656175E31C2BAD6E008D139B /* Main.storyboard */,
				656175E61C2BAD6E008D139B /* Assets.xcassets */,
				656175E81C2BAD6E008D139B /* LaunchScreen.storyboard */,
				656175EB1C2BAD6E008D139B /* Info.plist */,
			);
			path = UnwindSeguesDemo;
			sourceTree = "<group>";
		};
/* End PBXGroup section */

/* Begin PBXNativeTarget section */
		656175DB1C2BAD6E008D139B /* UnwindSeguesDemo */ = {
			isa = PBXNativeTarget;
			buildConfigurationList = 656175EE1C2BAD6E008D139B /* Build configuration list for PBXNativeTarget "UnwindSeguesDemo" */;
			buildPhases = (
				656175D81C2BAD6E008D139B /* Sources */,
				656175D91C2BAD6E008D139B /* Frameworks */,
				656175DA1C2BAD6E008D139B /* Resources */,
			);
			buildRules = (
			);
			dependencies = (
			);
			name = UnwindSeguesDemo;
			productName = UnwindSeguesDemo;
			productReference = 656175DC1C2BAD6E008D139B /* UnwindSeguesDemo.app */;
			productType = "com.apple.product-type.application";
		};
/* End PBXNativeTarget section */

/* Begin PBXProject section */
		656175D41C2BAD6E008D139B /* Project object */ = {
			isa = PBXProject;
			attributes = {
				LastSwiftUpdateCheck = 0720;
				LastUpgradeCheck = 0720;
				ORGANIZATIONNAME = "Yohannes Wijaya";
				TargetAttributes = {
					656175DB1C2BAD6E008D139B = {
						CreatedOnToolsVersion = 7.2;
						DevelopmentTeam = 4Z5JKF2M6S;
					};
				};
			};
			buildConfigurationList = 656175D71C2BAD6E008D139B /* Build configuration list for PBXProject "UnwindSeguesDemo" */;
			compatibilityVersion = "Xcode 3.2";
			developmentRegion = English;
			hasScannedForEncodings = 0;
			knownRegions = (
				en,
				Base,
			);
			mainGroup = 656175D31C2BAD6E008D139B;
			productRefGroup = 656175DD1C2BAD6E008D139B /* Products */;
			projectDirPath = "";
			projectRoot = "";
			targets = (
				656175DB1C2BAD6E008D139B /* UnwindSeguesDemo */,
			);
		};
/* End PBXProject section */

/* Begin PBXResourcesBuildPhase section */
		656175DA1C2BAD6E008D139B /* Resources */ = {
			isa = PBXResourcesBuildPhase;
			buildActionMask = 2147483647;
			files = (
				656175EA1C2BAD6E008D139B /* LaunchScreen.storyboard in Resources */,
				656175E71C2BAD6E008D139B /* Assets.xcassets in Resources */,
				656175E51C2BAD6E008D139B /* Main.storyboard in Resources */,
			);
			runOnlyForDeploymentPostprocessing = 0;
		};
/* End PBXResourcesBuildPhase section */

/* Begin PBXSourcesBuildPhase section */
		656175D81C2BAD6E008D139B /* Sources */ = {
			isa = PBXSourcesBuildPhase;
			buildActionMask = 2147483647;
			files = (
				656175E21C2BAD6E008D139B /* ViewController.swift in Sources */,
				656175E01C2BAD6E008D139B /* AppDelegate.swift in Sources */,
			);
			runOnlyForDeploymentPostprocessing = 0;
		};
/* End PBXSourcesBuildPhase section */

/* Begin PBXVariantGroup section */
		656175E31C2BAD6E008D139B /* Main.storyboard */ = {
			isa = PBXVariantGroup;
			children = (
				656175E41C2BAD6E008D139B /* Base */,
			);
			name = Main.storyboard;
			sourceTree = "<group>";
		};
		656175E81C2BAD6E008D139B /* LaunchScreen.storyboard */ = {
			isa = PBXVariantGroup;
			children = (
				656175E91C2BAD6E008D139B /* Base */,
			);
			name = LaunchScreen.storyboard;
			sourceTree = "<group>";
		};
/* End PBXVariantGroup section */

/* Begin XCBuildConfiguration section */
		656175EC1C2BAD6E008D139B /* Debug */ = {
			isa = XCBuildConfiguration;
			buildSettings = {
				ALWAYS_SEARCH_USER_PATHS = NO;
				CLANG_CXX_LANGUAGE_STANDARD = "gnu++0x";
				CLANG_CXX_LIBRARY = "libc++";
				CLANG_ENABLE_MODULES = YES;
				CLANG_ENABLE_OBJC_ARC = YES;
				CLANG_WARN_BOOL_CONVERSION = YES;
				CLANG_WARN_CONSTANT_CONVERSION = YES;
				CLANG_WARN_DIRECT_OBJC_ISA_USAGE = YES_ERROR;
				CLANG_WARN_EMPTY_BODY = YES;
				CLANG_WARN_ENUM_CONVERSION = YES;
				CLANG_WARN_INT_CONVERSION = YES;
				CLANG_WARN_OBJC_ROOT_CLASS = YES_ERROR;
				CLANG_WARN_UNREACHABLE_CODE = YES;
				CLANG_WARN__DUPLICATE_METHOD_MATCH = YES;
				"CODE_SIGN_IDENTITY[sdk=iphoneos*]" = "iPhone Developer";
				COPY_PHASE_STRIP = NO;
				DEBUG_INFORMATION_FORMAT = dwarf;
				ENABLE_STRICT_OBJC_MSGSEND = YES;
				ENABLE_TESTABILITY = YES;
				GCC_C_LANGUAGE_STANDARD = gnu99;
				GCC_DYNAMIC_NO_PIC = NO;
				GCC_NO_COMMON_BLOCKS = YES;
				GCC_OPTIMIZATION_LEVEL = 0;
				GCC_PREPROCESSOR_DEFINITIONS = (
					"DEBUG=1",
					"$(inherited)",
				);
				GCC_WARN_64_TO_32_BIT_CONVERSION = YES;
				GCC_WARN_ABOUT_RETURN_TYPE = YES_ERROR;
				GCC_WARN_UNDECLARED_SELECTOR = YES;
				GCC_WARN_UNINITIALIZED_AUTOS = YES_AGGRESSIVE;
				GCC_WARN_UNUSED_FUNCTION = YES;
				GCC_WARN_UNUSED_VARIABLE = YES;
				IPHONEOS_DEPLOYMENT_TARGET = 9.2;
				MTL_ENABLE_DEBUG_INFO = YES;
				ONLY_ACTIVE_ARCH = YES;
				SDKROOT = iphoneos;
				SWIFT_OPTIMIZATION_LEVEL = "-Onone";
			};
			name = Debug;
		};
		656175ED1C2BAD6E008D139B /* Release */ = {
			isa = XCBuildConfiguration;
			buildSettings = {
				ALWAYS_SEARCH_USER_PATHS = NO;
				CLANG_CXX_LANGUAGE_STANDARD = "gnu++0x";
				CLANG_CXX_LIBRARY = "libc++";
				CLANG_ENABLE_MODULES = YES;
				CLANG_ENABLE_OBJC_ARC = YES;
				CLANG_WARN_BOOL_CONVERSION = YES;
				CLANG_WARN_CONSTANT_CONVERSION = YES;
				CLANG_WARN_DIRECT_OBJC_ISA_USAGE = YES_ERROR;
				CLANG_WARN_EMPTY_BODY = YES;
				CLANG_WARN_ENUM_CONVERSION = YES;
				CLANG_WARN_INT_CONVERSION = YES;
				CLANG_WARN_OBJC_ROOT_CLASS = YES_ERROR;
				CLANG_WARN_UNREACHABLE_CODE = YES;
				CLANG_WARN__DUPLICATE_METHOD_MATCH = YES;
				"CODE_SIGN_IDENTITY[sdk=iphoneos*]" = "iPhone Developer";
				COPY_PHASE_STRIP = NO;
				DEBUG_INFORMATION_FORMAT = "dwarf-with-dsym";
				ENABLE_NS_ASSERTIONS = NO;
				ENABLE_STRICT_OBJC_MSGSEND = YES;
				GCC_C_LANGUAGE_STANDARD = gnu99;
				GCC_NO_COMMON_BLOCKS = YES;
				GCC_WARN_64_TO_32_BIT_CONVERSION = YES;
				GCC_WARN_ABOUT_RETURN_TYPE = YES_ERROR;
				GCC_WARN_UNDECLARED_SELECTOR = YES;
				GCC_WARN_UNINITIALIZED_AUTOS = YES_AGGRESSIVE;
				GCC_WARN_UNUSED_FUNCTION = YES;
				GCC_WARN_UNUSED_VARIABLE = YES;
				IPHONEOS_DEPLOYMENT_TARGET = 9.2;
				MTL_ENABLE_DEBUG_INFO = NO;
				SDKROOT = iphoneos;
				VALIDATE_PRODUCT = YES;
			};
			name = Release;
		};
		656175EF1C2BAD6E008D139B /* Debug */ = {
			isa = XCBuildConfiguration;
			buildSettings = {
				ASSETCATALOG_COMPILER_APPICON_NAME = AppIcon;
				INFOPLIST_FILE = UnwindSeguesDemo/Info.plist;
				LD_RUNPATH_SEARCH_PATHS = "$(inherited) @executable_path/Frameworks";
				PRODUCT_BUNDLE_IDENTIFIER = self.fearless.UnwindSeguesDemo;
				PRODUCT_NAME = "$(TARGET_NAME)";
			};
			name = Debug;
		};
		656175F01C2BAD6E008D139B /* Release */ = {
			isa = XCBuildConfiguration;
			buildSettings = {
				ASSETCATALOG_COMPILER_APPICON_NAME = AppIcon;
				INFOPLIST_FILE = UnwindSeguesDemo/Info.plist;
				LD_RUNPATH_SEARCH_PATHS = "$(inherited) @executable_path/Frameworks";
				PRODUCT_BUNDLE_IDENTIFIER = self.fearless.UnwindSeguesDemo;
				PRODUCT_NAME = "$(TARGET_NAME)";
			};
			name = Release;
		};
/* End XCBuildConfiguration section */

/* Begin XCConfigurationList section */
		656175D71C2BAD6E008D139B /* Build configuration list for PBXProject "UnwindSeguesDemo" */ = {
			isa = XCConfigurationList;
			buildConfigurations = (
				656175EC1C2BAD6E008D139B /* Debug */,
				656175ED1C2BAD6E008D139B /* Release */,
			);
			defaultConfigurationIsVisible = 0;
			defaultConfigurationName = Release;
		};
		656175EE1C2BAD6E008D139B /* Build configuration list for PBXNativeTarget "UnwindSeguesDemo" */ = {
			isa = XCConfigurationList;
			buildConfigurations = (
				656175EF1C2BAD6E008D139B /* Debug */,
				656175F01C2BAD6E008D139B /* Release */,
			);
			defaultConfigurationIsVisible = 0;
		};
/* End XCConfigurationList section */
	};
	rootObject = 656175D41C2BAD6E008D139B /* Project object */;
}
